
Microsoft Visual Studio Solution File, Format Version 11.00
# Visual Studio 2010
Project("{FAE04EC0-301F-11D3-BF4B-00C04F79EFBC}") = "Assembly-CSharp", "Assembly-CSharp.csproj", "{e6015016-f584-a419-e5c9-58cc507dc15d}"
EndProject
Project("{FAE04EC0-301F-11D3-BF4B-00C04F79EFBC}") = "Assembly-CSharp-firstpass", "Assembly-CSharp-firstpass.csproj", "{8943c7d8-8ad0-d93c-eb55-41b224eec332}"
EndProject
Project("{FAE04EC0-301F-11D3-BF4B-00C04F79EFBC}") = "Assembly-CSharp-Editor", "Assembly-CSharp-Editor.csproj", "{b83ec7b6-8f65-e384-d726-350703cdd455}"
EndProject
Global
	GlobalSection(SolutionConfigurationPlatforms) = preSolution
		Debug|Any CPU = Debug|Any CPU
		Release|Any CPU = Release|Any CPU
	EndGlobalSection
	GlobalSection(ProjectConfigurationPlatforms) = postSolution
		{e6015016-f584-a419-e5c9-58cc507dc15d}.Debug|Any CPU.ActiveCfg = Debug|Any CPU
		{e6015016-f584-a419-e5c9-58cc507dc15d}.Debug|Any CPU.Build.0 = Debug|Any CPU
		{e6015016-f584-a419-e5c9-58cc507dc15d}.Release|Any CPU.ActiveCfg = Release|Any CPU
		{e6015016-f584-a419-e5c9-58cc507dc15d}.Release|Any CPU.Build.0 = Release|Any CPU
		{8943c7d8-8ad0-d93c-eb55-41b224eec332}.Debug|Any CPU.ActiveCfg = Debug|Any CPU
		{8943c7d8-8ad0-d93c-eb55-41b224eec332}.Debug|Any CPU.Build.0 = Debug|Any CPU
		{8943c7d8-8ad0-d93c-eb55-41b224eec332}.Release|Any CPU.ActiveCfg = Release|Any CPU
		{8943c7d8-8ad0-d93c-eb55-41b224eec332}.Release|Any CPU.Build.0 = Release|Any CPU
		{b83ec7b6-8f65-e384-d726-350703cdd455}.Debug|Any CPU.ActiveCfg = Debug|Any CPU
		{b83ec7b6-8f65-e384-d726-350703cdd455}.Debug|Any CPU.Build.0 = Debug|Any CPU
		{b83ec7b6-8f65-e384-d726-350703cdd455}.Release|Any CPU.ActiveCfg = Release|Any CPU
		{b83ec7b6-8f65-e384-d726-350703cdd455}.Release|Any CPU.Build.0 = Release|Any CPU
	EndGlobalSection
	GlobalSection(SolutionProperties) = preSolution
		HideSolutionNode = FALSE
	EndGlobalSection
EndGlobal
